// !$*UTF8*$!
{
	archiveVersion = 1;
	classes = {
	};
	objectVersion = 110;
	objects = {

/* Begin PBXContainerItemProxy section */
		AB45619C2FF79BEC00B0ACF9 /* PBXContainerItemProxy */ = {
			isa = PBXContainerItemProxy;
			containerPortal = AB4561862FF79BEA00B0ACF9 /* Project object */;
			proxyType = 1;
			remoteGlobalIDString = AB45618D2FF79BEA00B0ACF9;
			remoteInfo = DoggoCollector;
		};
		AB4561A62FF79BEC00B0ACF9 /* PBXContainerItemProxy */ = {
			isa = PBXContainerItemProxy;
			containerPortal = AB4561862FF79BEA00B0ACF9 /* Project object */;
			proxyType = 1;
			remoteGlobalIDString = AB45618D2FF79BEA00B0ACF9;
			remoteInfo = DoggoCollector;
		};
/* End PBXContainerItemProxy section */

/* Begin PBXFileReference section */
		AB45618E2FF79BEA00B0ACF9 /* DoggoCollector.app */ = {isa = PBXFileReference; explicitFileType = wrapper.application; includeInIndex = 0; path = DoggoCollector.app; sourceTree = BUILT_PRODUCTS_DIR; };
		AB45619B2FF79BEC00B0ACF9 /* DoggoCollectorTests.xctest */ = {isa = PBXFileReference; explicitFileType = wrapper.cfbundle; includeInIndex = 0; path = DoggoCollectorTests.xctest; sourceTree = BUILT_PRODUCTS_DIR; };
		AB4561A52FF79BEC00B0ACF9 /* DoggoCollectorUITests.xctest */ = {isa = PBXFileReference; explicitFileType = wrapper.cfbundle; includeInIndex = 0; path = DoggoCollectorUITests.xctest; sourceTree = BUILT_PRODUCTS_DIR; };
/* End PBXFileReference section */

/* Begin PBXFileSystemSynchronizedRootGroup section */
		AB4561902FF79BEA00B0ACF9 /* DoggoCollector */ = {
			isa = PBXFileSystemSynchronizedRootGroup;
			path = DoggoCollector;
			sourceTree = "<group>";
		};
		AB45619E2FF79BEC00B0ACF9 /* DoggoCollectorTests */ = {
			isa = PBXFileSystemSynchronizedRootGroup;
			path = DoggoCollectorTests;
			sourceTree = "<group>";
		};
		AB4561A82FF79BEC00B0ACF9 /* DoggoCollectorUITests */ = {
			isa = PBXFileSystemSynchronizedRootGroup;
			path = DoggoCollectorUITests;
			sourceTree = "<group>";
		};
/* End PBXFileSystemSynchronizedRootGroup section */

/* Begin PBXFrameworksBuildPhase section */
		AB45618B2FF79BEA00B0ACF9 /* Frameworks */ = {
			isa = PBXFrameworksBuildPhase;
			files = (
			);
		};
		AB4561982FF79BEC00B0ACF9 /* Frameworks */ = {
			isa = PBXFrameworksBuildPhase;
			files = (
			);
		};
		AB4561A22FF79BEC00B0ACF9 /* Frameworks */ = {
			isa = PBXFrameworksBuildPhase;
			files = (
			);
		};
/* End PBXFrameworksBuildPhase section */

/* Begin PBXGroup section */
		AB4561852FF79BEA00B0ACF9 = {
			isa = PBXGroup;
			children = (
				AB4561902FF79BEA00B0ACF9 /* DoggoCollector */,
				AB45619E2FF79BEC00B0ACF9 /* DoggoCollectorTests */,
				AB4561A82FF79BEC00B0ACF9 /* DoggoCollectorUITests */,
				AB45618F2FF79BEA00B0ACF9 /* Products */,
			);
			sourceTree = "<group>";
		};
		AB45618F2FF79BEA00B0ACF9 /* Products */ = {
			isa = PBXGroup;
			children = (
				AB45618E2FF79BEA00B0ACF9 /* DoggoCollector.app */,
				AB45619B2FF79BEC00B0ACF9 /* DoggoCollectorTests.xctest */,
				AB4561A52FF79BEC00B0ACF9 /* DoggoCollectorUITests.xctest */,
			);
			name = Products;
			sourceTree = "<group>";
		};
/* End PBXGroup section */

/* Begin PBXNativeTarget section */
		AB45618D2FF79BEA00B0ACF9 /* DoggoCollector */ = {
			isa = PBXNativeTarget;
			buildConfigurationList = AB4561AD2FF79BEC00B0ACF9 /* Build configuration list for PBXNativeTarget "DoggoCollector" */;
			buildPhases = (
				AB45618A2FF79BEA00B0ACF9 /* Sources */,
				AB45618B2FF79BEA00B0ACF9 /* Frameworks */,
				AB45618C2FF79BEA00B0ACF9 /* Resources */,
			);
			buildRules = (
			);
			fileSystemSynchronizedGroups = (
				AB4561902FF79BEA00B0ACF9 /* DoggoCollector */,
			);
			name = DoggoCollector;
			productName = DoggoCollector;
			productReference = AB45618E2FF79BEA00B0ACF9 /* DoggoCollector.app */;
			productType = "com.apple.product-type.application";
		};
		AB45619A2FF79BEC00B0ACF9 /* DoggoCollectorTests */ = {
			isa = PBXNativeTarget;
			buildConfigurationList = AB4561B02FF79BEC00B0ACF9 /* Build configuration list for PBXNativeTarget "DoggoCollectorTests" */;
			buildPhases = (
				AB4561972FF79BEC00B0ACF9 /* Sources */,
				AB4561982FF79BEC00B0ACF9 /* Frameworks */,
				AB4561992FF79BEC00B0ACF9 /* Resources */,
			);
			buildRules = (
			);
			dependencies = (
				AB45619D2FF79BEC00B0ACF9 /* PBXTargetDependency */,
			);
			fileSystemSynchronizedGroups = (
				AB45619E2FF79BEC00B0ACF9 /* DoggoCollectorTests */,
			);
			name = DoggoCollectorTests;
			productName = DoggoCollectorTests;
			productReference = AB45619B2FF79BEC00B0ACF9 /* DoggoCollectorTests.xctest */;
			productType = "com.apple.product-type.bundle.unit-test";
		};
		AB4561A42FF79BEC00B0ACF9 /* DoggoCollectorUITests */ = {
			isa = PBXNativeTarget;
			buildConfigurationList = AB4561B32FF79BEC00B0ACF9 /* Build configuration list for PBXNativeTarget "DoggoCollectorUITests" */;
			buildPhases = (
				AB4561A12FF79BEC00B0ACF9 /* Sources */,
				AB4561A22FF79BEC00B0ACF9 /* Frameworks */,
				AB4561A32FF79BEC00B0ACF9 /* Resources */,
			);
			buildRules = (
			);
			dependencies = (
				AB4561A72FF79BEC00B0ACF9 /* PBXTargetDependency */,
			);
			fileSystemSynchronizedGroups = (
				AB4561A82FF79BEC00B0ACF9 /* DoggoCollectorUITests */,
			);
			name = DoggoCollectorUITests;
			productName = DoggoCollectorUITests;
			productReference = AB4561A52FF79BEC00B0ACF9 /* DoggoCollectorUITests.xctest */;
			productType = "com.apple.product-type.bundle.ui-testing";
		};
/* End PBXNativeTarget section */

/* Begin PBXProject section */
		AB4561862FF79BEA00B0ACF9 /* Project object */ = {
			isa = PBXProject;
			attributes = {
				BuildIndependentTargetsInParallel = 1;
				LastSwiftUpdateCheck = 2700;
				LastUpgradeCheck = 2700;
				TargetAttributes = {
					AB45618D2FF79BEA00B0ACF9 = {
						CreatedOnToolsVersion = 27.0;
					};
					AB45619A2FF79BEC00B0ACF9 = {
						CreatedOnToolsVersion = 27.0;
						TestTargetID = AB45618D2FF79BEA00B0ACF9;
					};
					AB4561A42FF79BEC00B0ACF9 = {
						CreatedOnToolsVersion = 27.0;
						TestTargetID = AB45618D2FF79BEA00B0ACF9;
					};
				};
			};
			buildConfigurationList = AB4561892FF79BEA00B0ACF9 /* Build configuration list for PBXProject "DoggoCollector" */;
			developmentRegion = en;
			hasScannedForEncodings = 0;
			knownRegions = (
				en,
				Base,
			);
			mainGroup = AB4561852FF79BEA00B0ACF9;
			minimizedProjectReferenceProxies = 1;
			preferredProjectObjectVersion = 77;
			productRefGroup = AB45618F2FF79BEA00B0ACF9 /* Products */;
			projectDirPath = "";
			projectRoot = "";
			targets = (
				AB45618D2FF79BEA00B0ACF9 /* DoggoCollector */,
				AB45619A2FF79BEC00B0ACF9 /* DoggoCollectorTests */,
				AB4561A42FF79BEC00B0ACF9 /* DoggoCollectorUITests */,
			);
		};
/* End PBXProject section */

/* Begin PBXResourcesBuildPhase section */
		AB45618C2FF79BEA00B0ACF9 /* Resources */ = {
			isa = PBXResourcesBuildPhase;
			files = (
			);
		};
		AB4561992FF79BEC00B0ACF9 /* Resources */ = {
			isa = PBXResourcesBuildPhase;
			files = (
			);
		};
		AB4561A32FF79BEC00B0ACF9 /* Resources */ = {
			isa = PBXResourcesBuildPhase;
			files = (
			);
		};
/* End PBXResourcesBuildPhase section */

/* Begin PBXSourcesBuildPhase section */
		AB45618A2FF79BEA00B0ACF9 /* Sources */ = {
			isa = PBXSourcesBuildPhase;
			files = (
			);
		};
		AB4561972FF79BEC00B0ACF9 /* Sources */ = {
			isa = PBXSourcesBuildPhase;
			files = (
			);
		};
		AB4561A12FF79BEC00B0ACF9 /* Sources */ = {
			isa = PBXSourcesBuildPhase;
			files = (
			);
		};
/* End PBXSourcesBuildPhase section */

/* Begin PBXTargetDependency section */
		AB45619D2FF79BEC00B0ACF9 /* PBXTargetDependency */ = {
			isa = PBXTargetDependency;
			target = AB45618D2FF79BEA00B0ACF9 /* DoggoCollector */;
			targetProxy = AB45619C2FF79BEC00B0ACF9 /* PBXContainerItemProxy */;
		};
		AB4561A72FF79BEC00B0ACF9 /* PBXTargetDependency */ = {
			isa = PBXTargetDependency;
			target = AB45618D2FF79BEA00B0ACF9 /* DoggoCollector */;
			targetProxy = AB4561A62FF79BEC00B0ACF9 /* PBXContainerItemProxy */;
		};
/* End PBXTargetDependency section */

/* Begin XCBuildConfiguration section */
		AB4561AB2FF79BEC00B0ACF9 /* Debug configuration for PBXProject "DoggoCollector" */ = {
			isa = XCBuildConfiguration;
			buildSettings = {
				ALWAYS_SEARCH_USER_PATHS = NO;
				ASSETCATALOG_COMPILER_GENERATE_SWIFT_ASSET_SYMBOL_EXTENSIONS = YES;
				CLANG_ANALYZER_NONNULL = YES;
				CLANG_ANALYZER_NUMBER_OBJECT_CONVERSION = YES_AGGRESSIVE;
				CLANG_CXX_LANGUAGE_STANDARD = "gnu++20";
				CLANG_ENABLE_MODULES = YES;
				CLANG_ENABLE_OBJC_ARC = YES;
				CLANG_ENABLE_OBJC_WEAK = YES;
				CLANG_WARN_BLOCK_CAPTURE_AUTORELEASING = YES;
				CLANG_WARN_BOOL_CONVERSION = YES;
				CLANG_WARN_COMMA = YES;
				CLANG_WARN_CONSTANT_CONVERSION = YES;
				CLANG_WARN_DEPRECATED_OBJC_IMPLEMENTATIONS = YES;
				CLANG_WARN_DIRECT_OBJC_ISA_USAGE = YES_ERROR;
				CLANG_WARN_DOCUMENTATION_COMMENTS = YES;
				CLANG_WARN_EMPTY_BODY = YES;
				CLANG_WARN_ENUM_CONVERSION = YES;
				CLANG_WARN_INFINITE_RECURSION = YES;
				CLANG_WARN_INT_CONVERSION = YES;
				CLANG_WARN_NON_LITERAL_NULL_CONVERSION = YES;
				CLANG_WARN_OBJC_IMPLICIT_RETAIN_SELF = YES;
				CLANG_WARN_OBJC_LITERAL_CONVERSION = YES;
				CLANG_WARN_OBJC_ROOT_CLASS = YES_ERROR;
				CLANG_WARN_QUOTED_INCLUDE_IN_FRAMEWORK_HEADER = YES;
				CLANG_WARN_RANGE_LOOP_ANALYSIS = YES;
				CLANG_WARN_STRICT_PROTOTYPES = YES;
				CLANG_WARN_SUSPICIOUS_MOVE = YES;
				CLANG_WARN_UNGUARDED_AVAILABILITY = YES_AGGRESSIVE;
				CLANG_WARN_UNREACHABLE_CODE = YES;
				CLANG_WARN__DUPLICATE_METHOD_MATCH = YES;
				COPY_PHASE_STRIP = NO;
				DEBUG_INFORMATION_FORMAT = dwarf;
				DEVELOPMENT_TEAM = QHYN96XR59;
				ENABLE_STRICT_OBJC_MSGSEND = YES;
				ENABLE_TESTABILITY = YES;
				ENABLE_USER_SCRIPT_SANDBOXING = YES;
				GCC_C_LANGUAGE_STANDARD = gnu17;
				GCC_DYNAMIC_NO_PIC = NO;
				GCC_NO_COMMON_BLOCKS = YES;
				GCC_OPTIMIZATION_LEVEL = 0;
				GCC_PREPROCESSOR_DEFINITIONS = (
					"DEBUG=1",
					"$(inherited)",
				);
				GCC_WARN_64_TO_32_BIT_CONVERSION = YES;
				GCC_WARN_ABOUT_RETURN_TYPE = YES_ERROR;
				GCC_WARN_UNDECLARED_SELECTOR = YES;
				GCC_WARN_UNINITIALIZED_AUTOS = YES_AGGRESSIVE;
				GCC_WARN_UNUSED_FUNCTION = YES;
				GCC_WARN_UNUSED_VARIABLE = YES;
				IPHONEOS_DEPLOYMENT_TARGET = 27.0;
				LOCALIZATION_PREFERS_STRING_CATALOGS = YES;
				MTL_ENABLE_DEBUG_INFO = INCLUDE_SOURCE;
				MTL_FAST_MATH = YES;
				ONLY_ACTIVE_ARCH = YES;
				SDKROOT = iphoneos;
				SWIFT_ACTIVE_COMPILATION_CONDITIONS = "DEBUG $(inherited)";
				SWIFT_OPTIMIZATION_LEVEL = "-Onone";
			};
			name = Debug;
		};
		AB4561AC2FF79BEC00B0ACF9 /* Release configuration for PBXProject "DoggoCollector" */ = {
			isa = XCBuildConfiguration;
			buildSettings = {
				ALWAYS_SEARCH_USER_PATHS = NO;
				ASSETCATALOG_COMPILER_GENERATE_SWIFT_ASSET_SYMBOL_EXTENSIONS = YES;
				CLANG_ANALYZER_NONNULL = YES;
				CLANG_ANALYZER_NUMBER_OBJECT_CONVERSION = YES_AGGRESSIVE;
				CLANG_CXX_LANGUAGE_STANDARD = "gnu++20";
				CLANG_ENABLE_MODULES = YES;
				CLANG_ENABLE_OBJC_ARC = YES;
				CLANG_ENABLE_OBJC_WEAK = YES;
				CLANG_WARN_BLOCK_CAPTURE_AUTORELEASING = YES;
				CLANG_WARN_BOOL_CONVERSION = YES;
				CLANG_WARN_COMMA = YES;
				CLANG_WARN_CONSTANT_CONVERSION = YES;
				CLANG_WARN_DEPRECATED_OBJC_IMPLEMENTATIONS = YES;
				CLANG_WARN_DIRECT_OBJC_ISA_USAGE = YES_ERROR;
				CLANG_WARN_DOCUMENTATION_COMMENTS = YES;
				CLANG_WARN_EMPTY_BODY = YES;
				CLANG_WARN_ENUM_CONVERSION = YES;
				CLANG_WARN_INFINITE_RECURSION = YES;
				CLANG_WARN_INT_CONVERSION = YES;
				CLANG_WARN_NON_LITERAL_NULL_CONVERSION = YES;
				CLANG_WARN_OBJC_IMPLICIT_RETAIN_SELF = YES;
				CLANG_WARN_OBJC_LITERAL_CONVERSION = YES;
				CLANG_WARN_OBJC_ROOT_CLASS = YES_ERROR;
				CLANG_WARN_QUOTED_INCLUDE_IN_FRAMEWORK_HEADER = YES;
				CLANG_WARN_RANGE_LOOP_ANALYSIS = YES;
				CLANG_WARN_STRICT_PROTOTYPES = YES;
				CLANG_WARN_SUSPICIOUS_MOVE = YES;
				CLANG_WARN_UNGUARDED_AVAILABILITY = YES_AGGRESSIVE;
				CLANG_WARN_UNREACHABLE_CODE = YES;
				CLANG_WARN__DUPLICATE_METHOD_MATCH = YES;
				COPY_PHASE_STRIP = NO;
				DEBUG_INFORMATION_FORMAT = "dwarf-with-dsym";
				DEVELOPMENT_TEAM = QHYN96XR59;
				ENABLE_NS_ASSERTIONS = NO;
				ENABLE_STRICT_OBJC_MSGSEND = YES;
				ENABLE_USER_SCRIPT_SANDBOXING = YES;
				GCC_C_LANGUAGE_STANDARD = gnu17;
				GCC_NO_COMMON_BLOCKS = YES;
				GCC_WARN_64_TO_32_BIT_CONVERSION = YES;
				GCC_WARN_ABOUT_RETURN_TYPE = YES_ERROR;
				GCC_WARN_UNDECLARED_SELECTOR = YES;
				GCC_WARN_UNINITIALIZED_AUTOS = YES_AGGRESSIVE;
				GCC_WARN_UNUSED_FUNCTION = YES;
				GCC_WARN_UNUSED_VARIABLE = YES;
				IPHONEOS_DEPLOYMENT_TARGET = 27.0;
				LOCALIZATION_PREFERS_STRING_CATALOGS = YES;
				MTL_ENABLE_DEBUG_INFO = NO;
				MTL_FAST_MATH = YES;
				SDKROOT = iphoneos;
				SWIFT_COMPILATION_MODE = wholemodule;
				VALIDATE_PRODUCT = YES;
			};
			name = Release;
		};
		AB4561AE2FF79BEC00B0ACF9 /* Debug configuration for PBXNativeTarget "DoggoCollector" */ = {
			isa = XCBuildConfiguration;
			buildSettings = {
				ASSETCATALOG_COMPILER_APPICON_NAME = AppIcon;
				ASSETCATALOG_COMPILER_GLOBAL_ACCENT_COLOR_NAME = AccentColor;
				CODE_SIGN_STYLE = Automatic;
				CURRENT_PROJECT_VERSION = 1;
				DEVELOPMENT_TEAM = QHYN96XR59;
				ENABLE_PREVIEWS = YES;
				GENERATE_INFOPLIST_FILE = YES;
				INFOPLIST_KEY_UIApplicationSceneManifest_Generation = YES;
				INFOPLIST_KEY_UIApplicationSupportsIndirectInputEvents = YES;
				INFOPLIST_KEY_UILaunchScreen_Generation = YES;
				INFOPLIST_KEY_UISupportedInterfaceOrientations_iPad = "UIInterfaceOrientationPortrait UIInterfaceOrientationPortraitUpsideDown UIInterfaceOrientationLandscapeLeft UIInterfaceOrientationLandscapeRight";
				INFOPLIST_KEY_UISupportedInterfaceOrientations_iPhone = "UIInterfaceOrientationPortrait UIInterfaceOrientationLandscapeLeft UIInterfaceOrientationLandscapeRight";
				LD_RUNPATH_SEARCH_PATHS = (
					"$(inherited)",
					"@executable_path/Frameworks",
				);
				MARKETING_VERSION = 1.0;
				PRODUCT_BUNDLE_IDENTIFIER = com.DoggoCollector;
				PRODUCT_NAME = "$(TARGET_NAME)";
				STRING_CATALOG_GENERATE_SYMBOLS = YES;
				SWIFT_APPROACHABLE_CONCURRENCY = YES;
				SWIFT_DEFAULT_ACTOR_ISOLATION = MainActor;
				SWIFT_EMIT_LOC_STRINGS = YES;
				SWIFT_UPCOMING_FEATURE_MEMBER_IMPORT_VISIBILITY = YES;
				SWIFT_VERSION = 5.0;
				TARGETED_DEVICE_FAMILY = "1,2";
			};
			name = Debug;
		};
		AB4561AF2FF79BEC00B0ACF9 /* Release configuration for PBXNativeTarget "DoggoCollector" */ = {
			isa = XCBuildConfiguration;
			buildSettings = {
				ASSETCATALOG_COMPILER_APPICON_NAME = AppIcon;
				ASSETCATALOG_COMPILER_GLOBAL_ACCENT_COLOR_NAME = AccentColor;
				CODE_SIGN_STYLE = Automatic;
				CURRENT_PROJECT_VERSION = 1;
				DEVELOPMENT_TEAM = QHYN96XR59;
				ENABLE_PREVIEWS = YES;
				GENERATE_INFOPLIST_FILE = YES;
				INFOPLIST_KEY_UIApplicationSceneManifest_Generation = YES;
				INFOPLIST_KEY_UIApplicationSupportsIndirectInputEvents = YES;
				INFOPLIST_KEY_UILaunchScreen_Generation = YES;
				INFOPLIST_KEY_UISupportedInterfaceOrientations_iPad = "UIInterfaceOrientationPortrait UIInterfaceOrientationPortraitUpsideDown UIInterfaceOrientationLandscapeLeft UIInterfaceOrientationLandscapeRight";
				INFOPLIST_KEY_UISupportedInterfaceOrientations_iPhone = "UIInterfaceOrientationPortrait UIInterfaceOrientationLandscapeLeft UIInterfaceOrientationLandscapeRight";
				LD_RUNPATH_SEARCH_PATHS = (
					"$(inherited)",
					"@executable_path/Frameworks",
				);
				MARKETING_VERSION = 1.0;
				PRODUCT_BUNDLE_IDENTIFIER = com.DoggoCollector;
				PRODUCT_NAME = "$(TARGET_NAME)";
				STRING_CATALOG_GENERATE_SYMBOLS = YES;
				SWIFT_APPROACHABLE_CONCURRENCY = YES;
				SWIFT_DEFAULT_ACTOR_ISOLATION = MainActor;
				SWIFT_EMIT_LOC_STRINGS = YES;
				SWIFT_UPCOMING_FEATURE_MEMBER_IMPORT_VISIBILITY = YES;
				SWIFT_VERSION = 5.0;
				TARGETED_DEVICE_FAMILY = "1,2";
			};
			name = Release;
		};
		AB4561B12FF79BEC00B0ACF9 /* Debug configuration for PBXNativeTarget "DoggoCollectorTests" */ = {
			isa = XCBuildConfiguration;
			buildSettings = {
				BUNDLE_LOADER = "$(TEST_HOST)";
				CODE_SIGN_STYLE = Automatic;
				CURRENT_PROJECT_VERSION = 1;
				DEVELOPMENT_TEAM = QHYN96XR59;
				GENERATE_INFOPLIST_FILE = YES;
				IPHONEOS_DEPLOYMENT_TARGET = 27.0;
				MARKETING_VERSION = 1.0;
				PRODUCT_BUNDLE_IDENTIFIER = com.DoggoCollectorTests;
				PRODUCT_NAME = "$(TARGET_NAME)";
				STRING_CATALOG_GENERATE_SYMBOLS = NO;
				SWIFT_APPROACHABLE_CONCURRENCY = YES;
				SWIFT_EMIT_LOC_STRINGS = NO;
				SWIFT_UPCOMING_FEATURE_MEMBER_IMPORT_VISIBILITY = YES;
				SWIFT_VERSION = 5.0;
				TARGETED_DEVICE_FAMILY = "1,2";
				TEST_HOST = "$(BUILT_PRODUCTS_DIR)/DoggoCollector.app/$(BUNDLE_EXECUTABLE_FOLDER_PATH)/DoggoCollector";
			};
			name = Debug;
		};
		AB4561B22FF79BEC00B0ACF9 /* Release configuration for PBXNativeTarget "DoggoCollectorTests" */ = {
			isa = XCBuildConfiguration;
			buildSettings = {
				BUNDLE_LOADER = "$(TEST_HOST)";
				CODE_SIGN_STYLE = Automatic;
				CURRENT_PROJECT_VERSION = 1;
				DEVELOPMENT_TEAM = QHYN96XR59;
				GENERATE_INFOPLIST_FILE = YES;
				IPHONEOS_DEPLOYMENT_TARGET = 27.0;
				MARKETING_VERSION = 1.0;
				PRODUCT_BUNDLE_IDENTIFIER = com.DoggoCollectorTests;
				PRODUCT_NAME = "$(TARGET_NAME)";
				STRING_CATALOG_GENERATE_SYMBOLS = NO;
				SWIFT_APPROACHABLE_CONCURRENCY = YES;
				SWIFT_EMIT_LOC_STRINGS = NO;
				SWIFT_UPCOMING_FEATURE_MEMBER_IMPORT_VISIBILITY = YES;
				SWIFT_VERSION = 5.0;
				TARGETED_DEVICE_FAMILY = "1,2";
				TEST_HOST = "$(BUILT_PRODUCTS_DIR)/DoggoCollector.app/$(BUNDLE_EXECUTABLE_FOLDER_PATH)/DoggoCollector";
			};
			name = Release;
		};
		AB4561B42FF79BEC00B0ACF9 /* Debug configuration for PBXNativeTarget "DoggoCollectorUITests" */ = {
			isa = XCBuildConfiguration;
			buildSettings = {
				CODE_SIGN_STYLE = Automatic;
				CURRENT_PROJECT_VERSION = 1;
				DEVELOPMENT_TEAM = QHYN96XR59;
				GENERATE_INFOPLIST_FILE = YES;
				MARKETING_VERSION = 1.0;
				PRODUCT_BUNDLE_IDENTIFIER = com.DoggoCollectorUITests;
				PRODUCT_NAME = "$(TARGET_NAME)";
				STRING_CATALOG_GENERATE_SYMBOLS = NO;
				SWIFT_APPROACHABLE_CONCURRENCY = YES;
				SWIFT_EMIT_LOC_STRINGS = NO;
				SWIFT_UPCOMING_FEATURE_MEMBER_IMPORT_VISIBILITY = YES;
				SWIFT_VERSION = 5.0;
				TARGETED_DEVICE_FAMILY = "1,2";
				TEST_TARGET_NAME = DoggoCollector;
			};
			name = Debug;
		};
		AB4561B52FF79BEC00B0ACF9 /* Release configuration for PBXNativeTarget "DoggoCollectorUITests" */ = {
			isa = XCBuildConfiguration;
			buildSettings = {
				CODE_SIGN_STYLE = Automatic;
				CURRENT_PROJECT_VERSION = 1;
				DEVELOPMENT_TEAM = QHYN96XR59;
				GENERATE_INFOPLIST_FILE = YES;
				MARKETING_VERSION = 1.0;
				PRODUCT_BUNDLE_IDENTIFIER = com.DoggoCollectorUITests;
				PRODUCT_NAME = "$(TARGET_NAME)";
				STRING_CATALOG_GENERATE_SYMBOLS = NO;
				SWIFT_APPROACHABLE_CONCURRENCY = YES;
				SWIFT_EMIT_LOC_STRINGS = NO;
				SWIFT_UPCOMING_FEATURE_MEMBER_IMPORT_VISIBILITY = YES;
				SWIFT_VERSION = 5.0;
				TARGETED_DEVICE_FAMILY = "1,2";
				TEST_TARGET_NAME = DoggoCollector;
			};
			name = Release;
		};
/* End XCBuildConfiguration section */

/* Begin XCConfigurationList section */
		AB4561892FF79BEA00B0ACF9 /* Build configuration list for PBXProject "DoggoCollector" */ = {
			isa = XCConfigurationList;
			buildConfigurations = (
				AB4561AB2FF79BEC00B0ACF9 /* Debug configuration for PBXProject "DoggoCollector" */,
				AB4561AC2FF79BEC00B0ACF9 /* Release configuration for PBXProject "DoggoCollector" */,
			);
			defaultConfigurationName = Release;
		};
		AB4561AD2FF79BEC00B0ACF9 /* Build configuration list for PBXNativeTarget "DoggoCollector" */ = {
			isa = XCConfigurationList;
			buildConfigurations = (
				AB4561AE2FF79BEC00B0ACF9 /* Debug configuration for PBXNativeTarget "DoggoCollector" */,
				AB4561AF2FF79BEC00B0ACF9 /* Release configuration for PBXNativeTarget "DoggoCollector" */,
			);
			defaultConfigurationName = Release;
		};
		AB4561B02FF79BEC00B0ACF9 /* Build configuration list for PBXNativeTarget "DoggoCollectorTests" */ = {
			isa = XCConfigurationList;
			buildConfigurations = (
				AB4561B12FF79BEC00B0ACF9 /* Debug configuration for PBXNativeTarget "DoggoCollectorTests" */,
				AB4561B22FF79BEC00B0ACF9 /* Release configuration for PBXNativeTarget "DoggoCollectorTests" */,
			);
			defaultConfigurationName = Release;
		};
		AB4561B32FF79BEC00B0ACF9 /* Build configuration list for PBXNativeTarget "DoggoCollectorUITests" */ = {
			isa = XCConfigurationList;
			buildConfigurations = (
				AB4561B42FF79BEC00B0ACF9 /* Debug configuration for PBXNativeTarget "DoggoCollectorUITests" */,
				AB4561B52FF79BEC00B0ACF9 /* Release configuration for PBXNativeTarget "DoggoCollectorUITests" */,
			);
			defaultConfigurationName = Release;
		};
/* End XCConfigurationList section */
	};
	rootObject = AB4561862FF79BEA00B0ACF9 /* Project object */;
	validationLevel = 1;
}
